
Microsoft Visual Studio Solution File, Format Version 12.00
# Visual Studio Version 16
VisualStudioVersion = 16.0.29411.108
MinimumVisualStudioVersion = 10.0.40219.1
Project("{8BC9CEB8-8B4A-11D0-8D11-00A0C91BC942}") = "Lecture2", "MyThirdProj\MyThirdProj.vcxproj", "{8C2B459B-C2C3-4BE3-B403-DD747F486A0B}"
EndProject
Project("{8BC9CEB8-8B4A-11D0-8D11-00A0C91BC942}") = "Lecture3", "Lecture3\Lecture3.vcxproj", "{5C74F2AB-354B-41FE-8FDF-55DC6AAD74E9}"
EndProject
Project("{8BC9CEB8-8B4A-11D0-8D11-00A0C91BC942}") = "Lecture4", "Lecture4\Lecture4.vcxproj", "{48F02AF5-96C8-4466-9C0D-2B1DA25B3244}"
EndProject
Project("{8BC9CEB8-8B4A-11D0-8D11-00A0C91BC942}") = "Lecture5", "Lecture5\Lecture5.vcxproj", "{97FE76FF-F71E-4A47-9546-9C0F7151A428}"
EndProject
Project("{8BC9CEB8-8B4A-11D0-8D11-00A0C91BC942}") = "Lecture6", "Lecture6\Lecture6.vcxproj", "{BC2420D8-871C-4AE0-AF81-57129D1D3842}"
EndProject
Project("{8BC9CEB8-8B4A-11D0-8D11-00A0C91BC942}") = "Lecture7", "Lecture7\Lecture7.vcxproj", "{3E2920E2-4B03-4946-AB9B-F24E31A52FB4}"
EndProject
Project("{8BC9CEB8-8B4A-11D0-8D11-00A0C91BC942}") = "Lecture8", "Lecture8\Lecture8.vcxproj", "{2A8FA81F-A2C2-4619-9B3E-D0DC29FAE8FB}"
EndProject
Project("{8BC9CEB8-8B4A-11D0-8D11-00A0C91BC942}") = "Lecture9", "Lecture9\Lecture9.vcxproj", "{B73581EC-FA98-4A70-BDEA-E95408A49AD1}"
EndProject
Project("{8BC9CEB8-8B4A-11D0-8D11-00A0C91BC942}") = "Lecture10", "Lecture10\Lecture10.vcxproj", "{FFD413F8-1568-4B88-BA8F-D4C1C74A59D0}"
EndProject
Project("{8BC9CEB8-8B4A-11D0-8D11-00A0C91BC942}") = "Lecture11", "Lecture11\Lecture11.vcxproj", "{8EC152BC-9437-43A2-8653-99E432B0507A}"
EndProject
Project("{8BC9CEB8-8B4A-11D0-8D11-00A0C91BC942}") = "Lecture12", "Lecture12\Lecture12.vcxproj", "{E78082EF-C588-48BE-BD57-731B3590FB6B}"
EndProject
Project("{8BC9CEB8-8B4A-11D0-8D11-00A0C91BC942}") = "Lecture13", "Lecture13.c\Lecture13.c.vcxproj", "{E7D124C8-D8BA-46AC-B895-9E9707DCC371}"
EndProject
Project("{8BC9CEB8-8B4A-11D0-8D11-00A0C91BC942}") = "Lecture14", "Lecture14\Lecture14.vcxproj", "{3F455D41-19D8-4DAC-ABDB-31352636C66D}"
EndProject
Global
	GlobalSection(SolutionConfigurationPlatforms) = preSolution
		Debug|x64 = Debug|x64
		Debug|x86 = Debug|x86
		Release|x64 = Release|x64
		Release|x86 = Release|x86
	EndGlobalSection
	GlobalSection(ProjectConfigurationPlatforms) = postSolution
		{8C2B459B-C2C3-4BE3-B403-DD747F486A0B}.Debug|x64.ActiveCfg = Debug|x64
		{8C2B459B-C2C3-4BE3-B403-DD747F486A0B}.Debug|x64.Build.0 = Debug|x64
		{8C2B459B-C2C3-4BE3-B403-DD747F486A0B}.Debug|x86.ActiveCfg = Debug|Win32
		{8C2B459B-C2C3-4BE3-B403-DD747F486A0B}.Debug|x86.Build.0 = Debug|Win32
		{8C2B459B-C2C3-4BE3-B403-DD747F486A0B}.Release|x64.ActiveCfg = Release|x64
		{8C2B459B-C2C3-4BE3-B403-DD747F486A0B}.Release|x64.Build.0 = Release|x64
		{8C2B459B-C2C3-4BE3-B403-DD747F486A0B}.Release|x86.ActiveCfg = Release|Win32
		{8C2B459B-C2C3-4BE3-B403-DD747F486A0B}.Release|x86.Build.0 = Release|Win32
		{5C74F2AB-354B-41FE-8FDF-55DC6AAD74E9}.Debug|x64.ActiveCfg = Debug|x64
		{5C74F2AB-354B-41FE-8FDF-55DC6AAD74E9}.Debug|x64.Build.0 = Debug|x64
		{5C74F2AB-354B-41FE-8FDF-55DC6AAD74E9}.Debug|x86.ActiveCfg = Debug|Win32
		{5C74F2AB-354B-41FE-8FDF-55DC6AAD74E9}.Debug|x86.Build.0 = Debug|Win32
		{5C74F2AB-354B-41FE-8FDF-55DC6AAD74E9}.Release|x64.ActiveCfg = Release|x64
		{5C74F2AB-354B-41FE-8FDF-55DC6AAD74E9}.Release|x64.Build.0 = Release|x64
		{5C74F2AB-354B-41FE-8FDF-55DC6AAD74E9}.Release|x86.ActiveCfg = Release|Win32
		{5C74F2AB-354B-41FE-8FDF-55DC6AAD74E9}.Release|x86.Build.0 = Release|Win32
		{48F02AF5-96C8-4466-9C0D-2B1DA25B3244}.Debug|x64.ActiveCfg = Debug|x64
		{48F02AF5-96C8-4466-9C0D-2B1DA25B3244}.Debug|x64.Build.0 = Debug|x64
		{48F02AF5-96C8-4466-9C0D-2B1DA25B3244}.Debug|x86.ActiveCfg = Debug|Win32
		{48F02AF5-96C8-4466-9C0D-2B1DA25B3244}.Debug|x86.Build.0 = Debug|Win32
		{48F02AF5-96C8-4466-9C0D-2B1DA25B3244}.Release|x64.ActiveCfg = Release|x64
		{48F02AF5-96C8-4466-9C0D-2B1DA25B3244}.Release|x64.Build.0 = Release|x64
		{48F02AF5-96C8-4466-9C0D-2B1DA25B3244}.Release|x86.ActiveCfg = Release|Win32
		{48F02AF5-96C8-4466-9C0D-2B1DA25B3244}.Release|x86.Build.0 = Release|Win32
		{97FE76FF-F71E-4A47-9546-9C0F7151A428}.Debug|x64.ActiveCfg = Debug|x64
		{97FE76FF-F71E-4A47-9546-9C0F7151A428}.Debug|x64.Build.0 = Debug|x64
		{97FE76FF-F71E-4A47-9546-9C0F7151A428}.Debug|x86.ActiveCfg = Debug|Win32
		{97FE76FF-F71E-4A47-9546-9C0F7151A428}.Debug|x86.Build.0 = Debug|Win32
		{97FE76FF-F71E-4A47-9546-9C0F7151A428}.Release|x64.ActiveCfg = Release|x64
		{97FE76FF-F71E-4A47-9546-9C0F7151A428}.Release|x64.Build.0 = Release|x64
		{97FE76FF-F71E-4A47-9546-9C0F7151A428}.Release|x86.ActiveCfg = Release|Win32
		{97FE76FF-F71E-4A47-9546-9C0F7151A428}.Release|x86.Build.0 = Release|Win32
		{BC2420D8-871C-4AE0-AF81-57129D1D3842}.Debug|x64.ActiveCfg = Debug|x64
		{BC2420D8-871C-4AE0-AF81-57129D1D3842}.Debug|x64.Build.0 = Debug|x64
		{BC2420D8-871C-4AE0-AF81-57129D1D3842}.Debug|x86.ActiveCfg = Debug|Win32
		{BC2420D8-871C-4AE0-AF81-57129D1D3842}.Debug|x86.Build.0 = Debug|Win32
		{BC2420D8-871C-4AE0-AF81-57129D1D3842}.Release|x64.ActiveCfg = Release|x64
		{BC2420D8-871C-4AE0-AF81-57129D1D3842}.Release|x64.Build.0 = Release|x64
		{BC2420D8-871C-4AE0-AF81-57129D1D3842}.Release|x86.ActiveCfg = Release|Win32
		{BC2420D8-871C-4AE0-AF81-57129D1D3842}.Release|x86.Build.0 = Release|Win32
		{3E2920E2-4B03-4946-AB9B-F24E31A52FB4}.Debug|x64.ActiveCfg = Debug|x64
		{3E2920E2-4B03-4946-AB9B-F24E31A52FB4}.Debug|x64.Build.0 = Debug|x64
		{3E2920E2-4B03-4946-AB9B-F24E31A52FB4}.Debug|x86.ActiveCfg = Debug|Win32
		{3E2920E2-4B03-4946-AB9B-F24E31A52FB4}.Debug|x86.Build.0 = Debug|Win32
		{3E2920E2-4B03-4946-AB9B-F24E31A52FB4}.Release|x64.ActiveCfg = Release|x64
		{3E2920E2-4B03-4946-AB9B-F24E31A52FB4}.Release|x64.Build.0 = Release|x64
		{3E2920E2-4B03-4946-AB9B-F24E31A52FB4}.Release|x86.ActiveCfg = Release|Win32
		{3E2920E2-4B03-4946-AB9B-F24E31A52FB4}.Release|x86.Build.0 = Release|Win32
		{2A8FA81F-A2C2-4619-9B3E-D0DC29FAE8FB}.Debug|x64.ActiveCfg = Debug|x64
		{2A8FA81F-A2C2-4619-9B3E-D0DC29FAE8FB}.Debug|x64.Build.0 = Debug|x64
		{2A8FA81F-A2C2-4619-9B3E-D0DC29FAE8FB}.Debug|x86.ActiveCfg = Debug|Win32
		{2A8FA81F-A2C2-4619-9B3E-D0DC29FAE8FB}.Debug|x86.Build.0 = Debug|Win32
		{2A8FA81F-A2C2-4619-9B3E-D0DC29FAE8FB}.Release|x64.ActiveCfg = Release|x64
		{2A8FA81F-A2C2-4619-9B3E-D0DC29FAE8FB}.Release|x64.Build.0 = Release|x64
		{2A8FA81F-A2C2-4619-9B3E-D0DC29FAE8FB}.Release|x86.ActiveCfg = Release|Win32
		{2A8FA81F-A2C2-4619-9B3E-D0DC29FAE8FB}.Release|x86.Build.0 = Release|Win32
		{B73581EC-FA98-4A70-BDEA-E95408A49AD1}.Debug|x64.ActiveCfg = Debug|x64
		{B73581EC-FA98-4A70-BDEA-E95408A49AD1}.Debug|x64.Build.0 = Debug|x64
		{B73581EC-FA98-4A70-BDEA-E95408A49AD1}.Debug|x86.ActiveCfg = Debug|Win32
		{B73581EC-FA98-4A70-BDEA-E95408A49AD1}.Debug|x86.Build.0 = Debug|Win32
		{B73581EC-FA98-4A70-BDEA-E95408A49AD1}.Release|x64.ActiveCfg = Release|x64
		{B73581EC-FA98-4A70-BDEA-E95408A49AD1}.Release|x64.Build.0 = Release|x64
		{B73581EC-FA98-4A70-BDEA-E95408A49AD1}.Release|x86.ActiveCfg = Release|Win32
		{B73581EC-FA98-4A70-BDEA-E95408A49AD1}.Release|x86.Build.0 = Release|Win32
		{FFD413F8-1568-4B88-BA8F-D4C1C74A59D0}.Debug|x64.ActiveCfg = Debug|x64
		{FFD413F8-1568-4B88-BA8F-D4C1C74A59D0}.Debug|x64.Build.0 = Debug|x64
		{FFD413F8-1568-4B88-BA8F-D4C1C74A59D0}.Debug|x86.ActiveCfg = Debug|Win32
		{FFD413F8-1568-4B88-BA8F-D4C1C74A59D0}.Debug|x86.Build.0 = Debug|Win32
		{FFD413F8-1568-4B88-BA8F-D4C1C74A59D0}.Release|x64.ActiveCfg = Release|x64
		{FFD413F8-1568-4B88-BA8F-D4C1C74A59D0}.Release|x64.Build.0 = Release|x64
		{FFD413F8-1568-4B88-BA8F-D4C1C74A59D0}.Release|x86.ActiveCfg = Release|Win32
		{FFD413F8-1568-4B88-BA8F-D4C1C74A59D0}.Release|x86.Build.0 = Release|Win32
		{8EC152BC-9437-43A2-8653-99E432B0507A}.Debug|x64.ActiveCfg = Debug|x64
		{8EC152BC-9437-43A2-8653-99E432B0507A}.Debug|x64.Build.0 = Debug|x64
		{8EC152BC-9437-43A2-8653-99E432B0507A}.Debug|x86.ActiveCfg = Debug|Win32
		{8EC152BC-9437-43A2-8653-99E432B0507A}.Debug|x86.Build.0 = Debug|Win32
		{8EC152BC-9437-43A2-8653-99E432B0507A}.Release|x64.ActiveCfg = Release|x64
		{8EC152BC-9437-43A2-8653-99E432B0507A}.Release|x64.Build.0 = Release|x64
		{8EC152BC-9437-43A2-8653-99E432B0507A}.Release|x86.ActiveCfg = Release|Win32
		{8EC152BC-9437-43A2-8653-99E432B0507A}.Release|x86.Build.0 = Release|Win32
		{E78082EF-C588-48BE-BD57-731B3590FB6B}.Debug|x64.ActiveCfg = Debug|x64
		{E78082EF-C588-48BE-BD57-731B3590FB6B}.Debug|x64.Build.0 = Debug|x64
		{E78082EF-C588-48BE-BD57-731B3590FB6B}.Debug|x86.ActiveCfg = Debug|Win32
		{E78082EF-C588-48BE-BD57-731B3590FB6B}.Debug|x86.Build.0 = Debug|Win32
		{E78082EF-C588-48BE-BD57-731B3590FB6B}.Release|x64.ActiveCfg = Release|x64
		{E78082EF-C588-48BE-BD57-731B3590FB6B}.Release|x64.Build.0 = Release|x64
		{E78082EF-C588-48BE-BD57-731B3590FB6B}.Release|x86.ActiveCfg = Release|Win32
		{E78082EF-C588-48BE-BD57-731B3590FB6B}.Release|x86.Build.0 = Release|Win32
		{E7D124C8-D8BA-46AC-B895-9E9707DCC371}.Debug|x64.ActiveCfg = Debug|x64
		{E7D124C8-D8BA-46AC-B895-9E9707DCC371}.Debug|x64.Build.0 = Debug|x64
		{E7D124C8-D8BA-46AC-B895-9E9707DCC371}.Debug|x86.ActiveCfg = Debug|Win32
		{E7D124C8-D8BA-46AC-B895-9E9707DCC371}.Debug|x86.Build.0 = Debug|Win32
		{E7D124C8-D8BA-46AC-B895-9E9707DCC371}.Release|x64.ActiveCfg = Release|x64
		{E7D124C8-D8BA-46AC-B895-9E9707DCC371}.Release|x64.Build.0 = Release|x64
		{E7D124C8-D8BA-46AC-B895-9E9707DCC371}.Release|x86.ActiveCfg = Release|Win32
		{E7D124C8-D8BA-46AC-B895-9E9707DCC371}.Release|x86.Build.0 = Release|Win32
		{3F455D41-19D8-4DAC-ABDB-31352636C66D}.Debug|x64.ActiveCfg = Debug|x64
		{3F455D41-19D8-4DAC-ABDB-31352636C66D}.Debug|x64.Build.0 = Debug|x64
		{3F455D41-19D8-4DAC-ABDB-31352636C66D}.Debug|x86.ActiveCfg = Debug|Win32
		{3F455D41-19D8-4DAC-ABDB-31352636C66D}.Debug|x86.Build.0 = Debug|Win32
		{3F455D41-19D8-4DAC-ABDB-31352636C66D}.Release|x64.ActiveCfg = Release|x64
		{3F455D41-19D8-4DAC-ABDB-31352636C66D}.Release|x64.Build.0 = Release|x64
		{3F455D41-19D8-4DAC-ABDB-31352636C66D}.Release|x86.ActiveCfg = Release|Win32
		{3F455D41-19D8-4DAC-ABDB-31352636C66D}.Release|x86.Build.0 = Release|Win32
	EndGlobalSection
	GlobalSection(SolutionProperties) = preSolution
		HideSolutionNode = FALSE
	EndGlobalSection
	GlobalSection(ExtensibilityGlobals) = postSolution
		SolutionGuid = {4568B196-4052-4C21-8D0B-EBF052012033}
	EndGlobalSection
EndGlobal
