
Microsoft Visual Studio Solution File, Format Version 12.00
# Visual Studio Version 16
VisualStudioVersion = 16.0.29411.108
MinimumVisualStudioVersion = 10.0.40219.1
Project("{8BC9CEB8-8B4A-11D0-8D11-00A0C91BC942}") = "Lecture14_04", "Lecture14_4\Lecture14_4.vcxproj", "{6D2E7363-3B32-4C85-8BD0-D917112F9397}"
EndProject
Project("{8BC9CEB8-8B4A-11D0-8D11-00A0C91BC942}") = "Lecture14_05", "test\test.vcxproj", "{13F6B221-26BB-4666-A265-86A1517BB6DD}"
EndProject
Project("{8BC9CEB8-8B4A-11D0-8D11-00A0C91BC942}") = "Lecture14_08", "Lecture14_8\Lecture14_8.vcxproj", "{C67E1312-B27C-474B-A9DA-62EFCE517D0F}"
EndProject
Project("{8BC9CEB8-8B4A-11D0-8D11-00A0C91BC942}") = "Lecture14_09", "Lecture14_9\Lecture14_9.vcxproj", "{94B2F50F-39A5-44FF-B2D1-63A2365939F3}"
EndProject
Project("{8BC9CEB8-8B4A-11D0-8D11-00A0C91BC942}") = "Lecture14_13", "Lecture14_13\Lecture14_13.vcxproj", "{7ED8EF54-8BA8-405A-ACB8-08186975D119}"
EndProject
Project("{8BC9CEB8-8B4A-11D0-8D11-00A0C91BC942}") = "Lecture14_14", "Lecture14_14\Lecture14_14.vcxproj", "{BFC14FC5-C9BC-4087-BAC0-81FE934B597D}"
EndProject
Project("{8BC9CEB8-8B4A-11D0-8D11-00A0C91BC942}") = "Lecture14_19", "Lecture14_19\Lecture14_19.vcxproj", "{559ED4BB-683C-478D-9C68-5FC6AB1BF70D}"
EndProject
Project("{8BC9CEB8-8B4A-11D0-8D11-00A0C91BC942}") = "Lecture14_25", "Lecture14_25\Lecture14_25.vcxproj", "{71E4026A-B067-4B3D-8AE8-D00FF68C70AA}"
EndProject
Project("{8BC9CEB8-8B4A-11D0-8D11-00A0C91BC942}") = "Lecture14_25_Prob", "Lecture14_25_Prob\Lecture14_25_Prob.vcxproj", "{BF0B4560-B98A-42E5-BC05-FE5FD14D6F35}"
EndProject
Project("{8BC9CEB8-8B4A-11D0-8D11-00A0C91BC942}") = "Lecture14_26", "Lecture14_26\Lecture14_26.vcxproj", "{7487479E-CCCF-4D86-8F7F-310417E253E8}"
EndProject
Global
	GlobalSection(SolutionConfigurationPlatforms) = preSolution
		Debug|x64 = Debug|x64
		Debug|x86 = Debug|x86
		Release|x64 = Release|x64
		Release|x86 = Release|x86
	EndGlobalSection
	GlobalSection(ProjectConfigurationPlatforms) = postSolution
		{6D2E7363-3B32-4C85-8BD0-D917112F9397}.Debug|x64.ActiveCfg = Debug|x64
		{6D2E7363-3B32-4C85-8BD0-D917112F9397}.Debug|x64.Build.0 = Debug|x64
		{6D2E7363-3B32-4C85-8BD0-D917112F9397}.Debug|x86.ActiveCfg = Debug|Win32
		{6D2E7363-3B32-4C85-8BD0-D917112F9397}.Debug|x86.Build.0 = Debug|Win32
		{6D2E7363-3B32-4C85-8BD0-D917112F9397}.Release|x64.ActiveCfg = Release|x64
		{6D2E7363-3B32-4C85-8BD0-D917112F9397}.Release|x64.Build.0 = Release|x64
		{6D2E7363-3B32-4C85-8BD0-D917112F9397}.Release|x86.ActiveCfg = Release|Win32
		{6D2E7363-3B32-4C85-8BD0-D917112F9397}.Release|x86.Build.0 = Release|Win32
		{13F6B221-26BB-4666-A265-86A1517BB6DD}.Debug|x64.ActiveCfg = Debug|x64
		{13F6B221-26BB-4666-A265-86A1517BB6DD}.Debug|x64.Build.0 = Debug|x64
		{13F6B221-26BB-4666-A265-86A1517BB6DD}.Debug|x86.ActiveCfg = Debug|Win32
		{13F6B221-26BB-4666-A265-86A1517BB6DD}.Debug|x86.Build.0 = Debug|Win32
		{13F6B221-26BB-4666-A265-86A1517BB6DD}.Release|x64.ActiveCfg = Release|x64
		{13F6B221-26BB-4666-A265-86A1517BB6DD}.Release|x64.Build.0 = Release|x64
		{13F6B221-26BB-4666-A265-86A1517BB6DD}.Release|x86.ActiveCfg = Release|Win32
		{13F6B221-26BB-4666-A265-86A1517BB6DD}.Release|x86.Build.0 = Release|Win32
		{C67E1312-B27C-474B-A9DA-62EFCE517D0F}.Debug|x64.ActiveCfg = Debug|x64
		{C67E1312-B27C-474B-A9DA-62EFCE517D0F}.Debug|x64.Build.0 = Debug|x64
		{C67E1312-B27C-474B-A9DA-62EFCE517D0F}.Debug|x86.ActiveCfg = Debug|Win32
		{C67E1312-B27C-474B-A9DA-62EFCE517D0F}.Debug|x86.Build.0 = Debug|Win32
		{C67E1312-B27C-474B-A9DA-62EFCE517D0F}.Release|x64.ActiveCfg = Release|x64
		{C67E1312-B27C-474B-A9DA-62EFCE517D0F}.Release|x64.Build.0 = Release|x64
		{C67E1312-B27C-474B-A9DA-62EFCE517D0F}.Release|x86.ActiveCfg = Release|Win32
		{C67E1312-B27C-474B-A9DA-62EFCE517D0F}.Release|x86.Build.0 = Release|Win32
		{94B2F50F-39A5-44FF-B2D1-63A2365939F3}.Debug|x64.ActiveCfg = Debug|x64
		{94B2F50F-39A5-44FF-B2D1-63A2365939F3}.Debug|x64.Build.0 = Debug|x64
		{94B2F50F-39A5-44FF-B2D1-63A2365939F3}.Debug|x86.ActiveCfg = Debug|Win32
		{94B2F50F-39A5-44FF-B2D1-63A2365939F3}.Debug|x86.Build.0 = Debug|Win32
		{94B2F50F-39A5-44FF-B2D1-63A2365939F3}.Release|x64.ActiveCfg = Release|x64
		{94B2F50F-39A5-44FF-B2D1-63A2365939F3}.Release|x64.Build.0 = Release|x64
		{94B2F50F-39A5-44FF-B2D1-63A2365939F3}.Release|x86.ActiveCfg = Release|Win32
		{94B2F50F-39A5-44FF-B2D1-63A2365939F3}.Release|x86.Build.0 = Release|Win32
		{7ED8EF54-8BA8-405A-ACB8-08186975D119}.Debug|x64.ActiveCfg = Debug|x64
		{7ED8EF54-8BA8-405A-ACB8-08186975D119}.Debug|x64.Build.0 = Debug|x64
		{7ED8EF54-8BA8-405A-ACB8-08186975D119}.Debug|x86.ActiveCfg = Debug|Win32
		{7ED8EF54-8BA8-405A-ACB8-08186975D119}.Debug|x86.Build.0 = Debug|Win32
		{7ED8EF54-8BA8-405A-ACB8-08186975D119}.Release|x64.ActiveCfg = Release|x64
		{7ED8EF54-8BA8-405A-ACB8-08186975D119}.Release|x64.Build.0 = Release|x64
		{7ED8EF54-8BA8-405A-ACB8-08186975D119}.Release|x86.ActiveCfg = Release|Win32
		{7ED8EF54-8BA8-405A-ACB8-08186975D119}.Release|x86.Build.0 = Release|Win32
		{BFC14FC5-C9BC-4087-BAC0-81FE934B597D}.Debug|x64.ActiveCfg = Debug|x64
		{BFC14FC5-C9BC-4087-BAC0-81FE934B597D}.Debug|x64.Build.0 = Debug|x64
		{BFC14FC5-C9BC-4087-BAC0-81FE934B597D}.Debug|x86.ActiveCfg = Debug|Win32
		{BFC14FC5-C9BC-4087-BAC0-81FE934B597D}.Debug|x86.Build.0 = Debug|Win32
		{BFC14FC5-C9BC-4087-BAC0-81FE934B597D}.Release|x64.ActiveCfg = Release|x64
		{BFC14FC5-C9BC-4087-BAC0-81FE934B597D}.Release|x64.Build.0 = Release|x64
		{BFC14FC5-C9BC-4087-BAC0-81FE934B597D}.Release|x86.ActiveCfg = Release|Win32
		{BFC14FC5-C9BC-4087-BAC0-81FE934B597D}.Release|x86.Build.0 = Release|Win32
		{559ED4BB-683C-478D-9C68-5FC6AB1BF70D}.Debug|x64.ActiveCfg = Debug|x64
		{559ED4BB-683C-478D-9C68-5FC6AB1BF70D}.Debug|x64.Build.0 = Debug|x64
		{559ED4BB-683C-478D-9C68-5FC6AB1BF70D}.Debug|x86.ActiveCfg = Debug|Win32
		{559ED4BB-683C-478D-9C68-5FC6AB1BF70D}.Debug|x86.Build.0 = Debug|Win32
		{559ED4BB-683C-478D-9C68-5FC6AB1BF70D}.Release|x64.ActiveCfg = Release|x64
		{559ED4BB-683C-478D-9C68-5FC6AB1BF70D}.Release|x64.Build.0 = Release|x64
		{559ED4BB-683C-478D-9C68-5FC6AB1BF70D}.Release|x86.ActiveCfg = Release|Win32
		{559ED4BB-683C-478D-9C68-5FC6AB1BF70D}.Release|x86.Build.0 = Release|Win32
		{71E4026A-B067-4B3D-8AE8-D00FF68C70AA}.Debug|x64.ActiveCfg = Debug|x64
		{71E4026A-B067-4B3D-8AE8-D00FF68C70AA}.Debug|x64.Build.0 = Debug|x64
		{71E4026A-B067-4B3D-8AE8-D00FF68C70AA}.Debug|x86.ActiveCfg = Debug|Win32
		{71E4026A-B067-4B3D-8AE8-D00FF68C70AA}.Debug|x86.Build.0 = Debug|Win32
		{71E4026A-B067-4B3D-8AE8-D00FF68C70AA}.Release|x64.ActiveCfg = Release|x64
		{71E4026A-B067-4B3D-8AE8-D00FF68C70AA}.Release|x64.Build.0 = Release|x64
		{71E4026A-B067-4B3D-8AE8-D00FF68C70AA}.Release|x86.ActiveCfg = Release|Win32
		{71E4026A-B067-4B3D-8AE8-D00FF68C70AA}.Release|x86.Build.0 = Release|Win32
		{BF0B4560-B98A-42E5-BC05-FE5FD14D6F35}.Debug|x64.ActiveCfg = Debug|x64
		{BF0B4560-B98A-42E5-BC05-FE5FD14D6F35}.Debug|x64.Build.0 = Debug|x64
		{BF0B4560-B98A-42E5-BC05-FE5FD14D6F35}.Debug|x86.ActiveCfg = Debug|Win32
		{BF0B4560-B98A-42E5-BC05-FE5FD14D6F35}.Debug|x86.Build.0 = Debug|Win32
		{BF0B4560-B98A-42E5-BC05-FE5FD14D6F35}.Release|x64.ActiveCfg = Release|x64
		{BF0B4560-B98A-42E5-BC05-FE5FD14D6F35}.Release|x64.Build.0 = Release|x64
		{BF0B4560-B98A-42E5-BC05-FE5FD14D6F35}.Release|x86.ActiveCfg = Release|Win32
		{BF0B4560-B98A-42E5-BC05-FE5FD14D6F35}.Release|x86.Build.0 = Release|Win32
		{7487479E-CCCF-4D86-8F7F-310417E253E8}.Debug|x64.ActiveCfg = Debug|x64
		{7487479E-CCCF-4D86-8F7F-310417E253E8}.Debug|x64.Build.0 = Debug|x64
		{7487479E-CCCF-4D86-8F7F-310417E253E8}.Debug|x86.ActiveCfg = Debug|Win32
		{7487479E-CCCF-4D86-8F7F-310417E253E8}.Debug|x86.Build.0 = Debug|Win32
		{7487479E-CCCF-4D86-8F7F-310417E253E8}.Release|x64.ActiveCfg = Release|x64
		{7487479E-CCCF-4D86-8F7F-310417E253E8}.Release|x64.Build.0 = Release|x64
		{7487479E-CCCF-4D86-8F7F-310417E253E8}.Release|x86.ActiveCfg = Release|Win32
		{7487479E-CCCF-4D86-8F7F-310417E253E8}.Release|x86.Build.0 = Release|Win32
	EndGlobalSection
	GlobalSection(SolutionProperties) = preSolution
		HideSolutionNode = FALSE
	EndGlobalSection
	GlobalSection(ExtensibilityGlobals) = postSolution
		SolutionGuid = {5141E72B-94AF-46E5-B738-88A38DC724DA}
	EndGlobalSection
EndGlobal
